
Microsoft Visual Studio Solution File, Format Version 12.00
# Visual Studio 15
VisualStudioVersion = 15.0.27130.2003
MinimumVisualStudioVersion = 10.0.40219.1
Project("{FAE04EC0-301F-11D3-BF4B-00C04F79EFBC}") = "Server", "Server\Server.csproj", "{ABB80028-37B3-4966-81C5-3DEED644E8E2}"
EndProject
Project("{FAE04EC0-301F-11D3-BF4B-00C04F79EFBC}") = "RPC", "..\RPC\RPC\RPC.csproj", "{DA2D5B65-22C7-44E7-AF94-2C2EBE0A5FB8}"
EndProject
Global
	GlobalSection(SolutionConfigurationPlatforms) = preSolution
		Debug|Any CPU = Debug|Any CPU
		Release|Any CPU = Release|Any CPU
	EndGlobalSection
	GlobalSection(ProjectConfigurationPlatforms) = postSolution
		{ABB80028-37B3-4966-81C5-3DEED644E8E2}.Debug|Any CPU.ActiveCfg = Debug|Any CPU
		{ABB80028-37B3-4966-81C5-3DEED644E8E2}.Debug|Any CPU.Build.0 = Debug|Any CPU
		{ABB80028-37B3-4966-81C5-3DEED644E8E2}.Release|Any CPU.ActiveCfg = Release|Any CPU
		{ABB80028-37B3-4966-81C5-3DEED644E8E2}.Release|Any CPU.Build.0 = Release|Any CPU
		{DA2D5B65-22C7-44E7-AF94-2C2EBE0A5FB8}.Debug|Any CPU.ActiveCfg = Debug|Any CPU
		{DA2D5B65-22C7-44E7-AF94-2C2EBE0A5FB8}.Debug|Any CPU.Build.0 = Debug|Any CPU
		{DA2D5B65-22C7-44E7-AF94-2C2EBE0A5FB8}.Release|Any CPU.ActiveCfg = Release|Any CPU
		{DA2D5B65-22C7-44E7-AF94-2C2EBE0A5FB8}.Release|Any CPU.Build.0 = Release|Any CPU
	EndGlobalSection
	GlobalSection(SolutionProperties) = preSolution
		HideSolutionNode = FALSE
	EndGlobalSection
	GlobalSection(ExtensibilityGlobals) = postSolution
		SolutionGuid = {2AD53C27-EABA-4060-B060-56ED518764AA}
	EndGlobalSection
EndGlobal
